
Microsoft Visual Studio Solution File, Format Version 12.00
Project("{2150E333-8FDC-42A3-9474-1A3956D46DE8}") = "Tests", "Tests", "{A54357C9-9D5A-4E12-A6EC-C6DB62F6DABF}"
EndProject
Project("{FAE04EC0-301F-11D3-BF4B-00C04F79EFBC}") = "CoLibBenchmark", "Tests\CoLibBenchmark\CoLibBenchmark.csproj", "{3179AEA7-C893-4C88-AB65-792459BEEC10}"
EndProject
Project("{FAE04EC0-301F-11D3-BF4B-00C04F79EFBC}") = "CoLibDemo", "Tests\CoLibDemo\CoLibDemo.csproj", "{305EBD7C-BC01-4EF7-B419-8FC8803FBCAE}"
EndProject
Project("{2150E333-8FDC-42A3-9474-1A3956D46DE8}") = "Sources", "Sources", "{9BA1051A-5007-429A-8BCD-9A4D558E6B46}"
EndProject
Project("{FAE04EC0-301F-11D3-BF4B-00C04F79EFBC}") = "CoLib", "Sources\CoLib\CoLib.csproj", "{E2B087C2-105E-4EBC-B4CE-F8CDAE34A4F9}"
EndProject
Project("{FAE04EC0-301F-11D3-BF4B-00C04F79EFBC}") = "CoLibUnitTest", "Tests\CoLibUnitTest\CoLibUnitTest.csproj", "{FC22349B-3B8C-4BB4-AADC-536A24A893E7}"
EndProject
Project("{FAE04EC0-301F-11D3-BF4B-00C04F79EFBC}") = "CoRuntime", "Sources\CoRuntime\CoRuntime.csproj", "{0B3E56ED-0272-4797-A42D-FEF96F92E78E}"
EndProject
Project("{FAE04EC0-301F-11D3-BF4B-00C04F79EFBC}") = "CoGenerators", "Sources\CoGenerators\CoGenerators.csproj", "{D9025B9A-A7D4-43D1-9715-B9F0853BF934}"
EndProject
Project("{FAE04EC0-301F-11D3-BF4B-00C04F79EFBC}") = "SerializeDemo", "Tests\SerializeDemo\SerializeDemo.csproj", "{10072193-781F-42BC-8FEA-948580FFEA9C}"
EndProject
Project("{FAE04EC0-301F-11D3-BF4B-00C04F79EFBC}") = "CoAnalyzers", "Sources\CoAnalyzers\CoAnalyzers.csproj", "{EAEDA6EA-21EE-4696-888D-8FB652788CB0}"
EndProject
Project("{2150E333-8FDC-42A3-9474-1A3956D46DE8}") = "ServiceApp", "ServiceApp", "{673B01E1-2A16-4DB8-97F4-7C04675CE995}"
EndProject
Project("{FAE04EC0-301F-11D3-BF4B-00C04F79EFBC}") = "ServiceApp", "Tests\ServiceApp\ServiceApp\ServiceApp.csproj", "{47390F2F-A96C-46FC-AA48-1524318D845D}"
EndProject
Project("{FAE04EC0-301F-11D3-BF4B-00C04F79EFBC}") = "CacheService", "Tests\ServiceApp\CacheService\CacheService.csproj", "{F939E9A0-BF22-43B9-AFBA-64D6C177BB13}"
EndProject
Project("{FAE04EC0-301F-11D3-BF4B-00C04F79EFBC}") = "ServiceDefines", "Tests\ServiceApp\ServiceDefines\ServiceDefines.csproj", "{64E92129-EE01-4341-A03F-DD49A51E2107}"
EndProject
Project("{FAE04EC0-301F-11D3-BF4B-00C04F79EFBC}") = "ClientApp", "Tests\ServiceApp\ClientApp\ClientApp.csproj", "{FB4702A7-7CC8-41C2-A61E-A042A486935C}"
EndProject
Project("{FAE04EC0-301F-11D3-BF4B-00C04F79EFBC}") = "TimeServer", "Tests\ServiceApp\TimeServer\TimeServer.csproj", "{1621463E-4167-483D-8DE2-4769F1955E7A}"
EndProject
Global
	GlobalSection(SolutionConfigurationPlatforms) = preSolution
		Debug|Any CPU = Debug|Any CPU
		Release|Any CPU = Release|Any CPU
	EndGlobalSection
	GlobalSection(ProjectConfigurationPlatforms) = postSolution
		{3179AEA7-C893-4C88-AB65-792459BEEC10}.Debug|Any CPU.ActiveCfg = Debug|Any CPU
		{3179AEA7-C893-4C88-AB65-792459BEEC10}.Debug|Any CPU.Build.0 = Debug|Any CPU
		{3179AEA7-C893-4C88-AB65-792459BEEC10}.Release|Any CPU.ActiveCfg = Release|Any CPU
		{3179AEA7-C893-4C88-AB65-792459BEEC10}.Release|Any CPU.Build.0 = Release|Any CPU
		{305EBD7C-BC01-4EF7-B419-8FC8803FBCAE}.Debug|Any CPU.ActiveCfg = Debug|Any CPU
		{305EBD7C-BC01-4EF7-B419-8FC8803FBCAE}.Debug|Any CPU.Build.0 = Debug|Any CPU
		{305EBD7C-BC01-4EF7-B419-8FC8803FBCAE}.Release|Any CPU.ActiveCfg = Release|Any CPU
		{305EBD7C-BC01-4EF7-B419-8FC8803FBCAE}.Release|Any CPU.Build.0 = Release|Any CPU
		{E2B087C2-105E-4EBC-B4CE-F8CDAE34A4F9}.Debug|Any CPU.ActiveCfg = Debug|Any CPU
		{E2B087C2-105E-4EBC-B4CE-F8CDAE34A4F9}.Debug|Any CPU.Build.0 = Debug|Any CPU
		{E2B087C2-105E-4EBC-B4CE-F8CDAE34A4F9}.Release|Any CPU.ActiveCfg = Release|Any CPU
		{E2B087C2-105E-4EBC-B4CE-F8CDAE34A4F9}.Release|Any CPU.Build.0 = Release|Any CPU
		{FC22349B-3B8C-4BB4-AADC-536A24A893E7}.Debug|Any CPU.ActiveCfg = Debug|Any CPU
		{FC22349B-3B8C-4BB4-AADC-536A24A893E7}.Debug|Any CPU.Build.0 = Debug|Any CPU
		{FC22349B-3B8C-4BB4-AADC-536A24A893E7}.Release|Any CPU.ActiveCfg = Release|Any CPU
		{FC22349B-3B8C-4BB4-AADC-536A24A893E7}.Release|Any CPU.Build.0 = Release|Any CPU
		{0B3E56ED-0272-4797-A42D-FEF96F92E78E}.Debug|Any CPU.ActiveCfg = Debug|Any CPU
		{0B3E56ED-0272-4797-A42D-FEF96F92E78E}.Debug|Any CPU.Build.0 = Debug|Any CPU
		{0B3E56ED-0272-4797-A42D-FEF96F92E78E}.Release|Any CPU.ActiveCfg = Release|Any CPU
		{0B3E56ED-0272-4797-A42D-FEF96F92E78E}.Release|Any CPU.Build.0 = Release|Any CPU
		{D9025B9A-A7D4-43D1-9715-B9F0853BF934}.Debug|Any CPU.ActiveCfg = Debug|Any CPU
		{D9025B9A-A7D4-43D1-9715-B9F0853BF934}.Debug|Any CPU.Build.0 = Debug|Any CPU
		{D9025B9A-A7D4-43D1-9715-B9F0853BF934}.Release|Any CPU.ActiveCfg = Release|Any CPU
		{D9025B9A-A7D4-43D1-9715-B9F0853BF934}.Release|Any CPU.Build.0 = Release|Any CPU
		{10072193-781F-42BC-8FEA-948580FFEA9C}.Debug|Any CPU.ActiveCfg = Debug|Any CPU
		{10072193-781F-42BC-8FEA-948580FFEA9C}.Debug|Any CPU.Build.0 = Debug|Any CPU
		{10072193-781F-42BC-8FEA-948580FFEA9C}.Release|Any CPU.ActiveCfg = Release|Any CPU
		{10072193-781F-42BC-8FEA-948580FFEA9C}.Release|Any CPU.Build.0 = Release|Any CPU
		{EAEDA6EA-21EE-4696-888D-8FB652788CB0}.Debug|Any CPU.ActiveCfg = Debug|Any CPU
		{EAEDA6EA-21EE-4696-888D-8FB652788CB0}.Debug|Any CPU.Build.0 = Debug|Any CPU
		{EAEDA6EA-21EE-4696-888D-8FB652788CB0}.Release|Any CPU.ActiveCfg = Release|Any CPU
		{EAEDA6EA-21EE-4696-888D-8FB652788CB0}.Release|Any CPU.Build.0 = Release|Any CPU
		{47390F2F-A96C-46FC-AA48-1524318D845D}.Debug|Any CPU.ActiveCfg = Debug|Any CPU
		{47390F2F-A96C-46FC-AA48-1524318D845D}.Debug|Any CPU.Build.0 = Debug|Any CPU
		{47390F2F-A96C-46FC-AA48-1524318D845D}.Release|Any CPU.ActiveCfg = Release|Any CPU
		{47390F2F-A96C-46FC-AA48-1524318D845D}.Release|Any CPU.Build.0 = Release|Any CPU
		{F939E9A0-BF22-43B9-AFBA-64D6C177BB13}.Debug|Any CPU.ActiveCfg = Debug|Any CPU
		{F939E9A0-BF22-43B9-AFBA-64D6C177BB13}.Debug|Any CPU.Build.0 = Debug|Any CPU
		{F939E9A0-BF22-43B9-AFBA-64D6C177BB13}.Release|Any CPU.ActiveCfg = Release|Any CPU
		{F939E9A0-BF22-43B9-AFBA-64D6C177BB13}.Release|Any CPU.Build.0 = Release|Any CPU
		{64E92129-EE01-4341-A03F-DD49A51E2107}.Debug|Any CPU.ActiveCfg = Debug|Any CPU
		{64E92129-EE01-4341-A03F-DD49A51E2107}.Debug|Any CPU.Build.0 = Debug|Any CPU
		{64E92129-EE01-4341-A03F-DD49A51E2107}.Release|Any CPU.ActiveCfg = Release|Any CPU
		{64E92129-EE01-4341-A03F-DD49A51E2107}.Release|Any CPU.Build.0 = Release|Any CPU
		{FB4702A7-7CC8-41C2-A61E-A042A486935C}.Debug|Any CPU.ActiveCfg = Debug|Any CPU
		{FB4702A7-7CC8-41C2-A61E-A042A486935C}.Debug|Any CPU.Build.0 = Debug|Any CPU
		{FB4702A7-7CC8-41C2-A61E-A042A486935C}.Release|Any CPU.ActiveCfg = Release|Any CPU
		{FB4702A7-7CC8-41C2-A61E-A042A486935C}.Release|Any CPU.Build.0 = Release|Any CPU
		{1621463E-4167-483D-8DE2-4769F1955E7A}.Debug|Any CPU.ActiveCfg = Debug|Any CPU
		{1621463E-4167-483D-8DE2-4769F1955E7A}.Debug|Any CPU.Build.0 = Debug|Any CPU
		{1621463E-4167-483D-8DE2-4769F1955E7A}.Release|Any CPU.ActiveCfg = Release|Any CPU
		{1621463E-4167-483D-8DE2-4769F1955E7A}.Release|Any CPU.Build.0 = Release|Any CPU
	EndGlobalSection
	GlobalSection(NestedProjects) = preSolution
		{3179AEA7-C893-4C88-AB65-792459BEEC10} = {A54357C9-9D5A-4E12-A6EC-C6DB62F6DABF}
		{305EBD7C-BC01-4EF7-B419-8FC8803FBCAE} = {A54357C9-9D5A-4E12-A6EC-C6DB62F6DABF}
		{E2B087C2-105E-4EBC-B4CE-F8CDAE34A4F9} = {9BA1051A-5007-429A-8BCD-9A4D558E6B46}
		{FC22349B-3B8C-4BB4-AADC-536A24A893E7} = {A54357C9-9D5A-4E12-A6EC-C6DB62F6DABF}
		{0B3E56ED-0272-4797-A42D-FEF96F92E78E} = {9BA1051A-5007-429A-8BCD-9A4D558E6B46}
		{D9025B9A-A7D4-43D1-9715-B9F0853BF934} = {9BA1051A-5007-429A-8BCD-9A4D558E6B46}
		{10072193-781F-42BC-8FEA-948580FFEA9C} = {A54357C9-9D5A-4E12-A6EC-C6DB62F6DABF}
		{EAEDA6EA-21EE-4696-888D-8FB652788CB0} = {9BA1051A-5007-429A-8BCD-9A4D558E6B46}
		{673B01E1-2A16-4DB8-97F4-7C04675CE995} = {A54357C9-9D5A-4E12-A6EC-C6DB62F6DABF}
		{47390F2F-A96C-46FC-AA48-1524318D845D} = {673B01E1-2A16-4DB8-97F4-7C04675CE995}
		{F939E9A0-BF22-43B9-AFBA-64D6C177BB13} = {673B01E1-2A16-4DB8-97F4-7C04675CE995}
		{64E92129-EE01-4341-A03F-DD49A51E2107} = {673B01E1-2A16-4DB8-97F4-7C04675CE995}
		{FB4702A7-7CC8-41C2-A61E-A042A486935C} = {673B01E1-2A16-4DB8-97F4-7C04675CE995}
		{1621463E-4167-483D-8DE2-4769F1955E7A} = {673B01E1-2A16-4DB8-97F4-7C04675CE995}
	EndGlobalSection
EndGlobal
